
Microsoft Visual Studio Solution File, Format Version 10.00
# Visual Studio 2008
# SharpDevelop 3.2.0.5777
Project("{FAE04EC0-301F-11D3-BF4B-00C04F79EFBC}") = "SBC", "SBC\SBC.csproj", "{E5790658-AC61-4B27-91B7-AEA2CAF37F9C}"
EndProject
Project("{FAE04EC0-301F-11D3-BF4B-00C04F79EFBC}") = "SBCTest", "SBCTest\SBCTest.csproj", "{8FF59D8B-0F48-47F0-A8BE-AAE84B8A7AD0}"
EndProject
Global
	GlobalSection(SolutionConfigurationPlatforms) = preSolution
		Debug|x86 = Debug|x86
		Release|x86 = Release|x86
	EndGlobalSection
	GlobalSection(ProjectConfigurationPlatforms) = postSolution
		{E5790658-AC61-4B27-91B7-AEA2CAF37F9C}.Debug|x86.Build.0 = Debug|x86
		{E5790658-AC61-4B27-91B7-AEA2CAF37F9C}.Debug|x86.ActiveCfg = Debug|x86
		{E5790658-AC61-4B27-91B7-AEA2CAF37F9C}.Release|x86.Build.0 = Release|x86
		{E5790658-AC61-4B27-91B7-AEA2CAF37F9C}.Release|x86.ActiveCfg = Release|x86
		{8FF59D8B-0F48-47F0-A8BE-AAE84B8A7AD0}.Debug|x86.Build.0 = Debug|x86
		{8FF59D8B-0F48-47F0-A8BE-AAE84B8A7AD0}.Debug|x86.ActiveCfg = Debug|x86
		{8FF59D8B-0F48-47F0-A8BE-AAE84B8A7AD0}.Release|x86.Build.0 = Release|x86
		{8FF59D8B-0F48-47F0-A8BE-AAE84B8A7AD0}.Release|x86.ActiveCfg = Release|x86
	EndGlobalSection
EndGlobal
